
Microsoft Visual Studio Solution File, Format Version 12.00
# Visual Studio Version 16
VisualStudioVersion = 16.0.29306.81
MinimumVisualStudioVersion = 15.0.26124.0
Project("{2150E333-8FDC-42A3-9474-1A3956D46DE8}") = "Solution Items", "Solution Items", "{C213D6FC-CAEF-43EB-A714-728FAA907D90}"
	ProjectSection(SolutionItems) = preProject
		TextFile1.txt = TextFile1.txt
	EndProjectSection
EndProject
Project("{9A19103F-16F7-4668-BE54-9A1E7A4F7556}") = "NCSharedlib", "NCSharedlib\NCSharedlib.csproj", "{7CF65CEE-4F50-46CE-BAD0-7B9EA45F77C5}"
EndProject
Global
	GlobalSection(SolutionConfigurationPlatforms) = preSolution
		Debug|Any CPU = Debug|Any CPU
		Debug|x64 = Debug|x64
		Debug|x86 = Debug|x86
		Release|Any CPU = Release|Any CPU
		Release|x64 = Release|x64
		Release|x86 = Release|x86
	EndGlobalSection
	GlobalSection(ProjectConfigurationPlatforms) = postSolution
		{7CF65CEE-4F50-46CE-BAD0-7B9EA45F77C5}.Debug|Any CPU.ActiveCfg = Debug|Any CPU
		{7CF65CEE-4F50-46CE-BAD0-7B9EA45F77C5}.Debug|Any CPU.Build.0 = Debug|Any CPU
		{7CF65CEE-4F50-46CE-BAD0-7B9EA45F77C5}.Debug|x64.ActiveCfg = Debug|Any CPU
		{7CF65CEE-4F50-46CE-BAD0-7B9EA45F77C5}.Debug|x64.Build.0 = Debug|Any CPU
		{7CF65CEE-4F50-46CE-BAD0-7B9EA45F77C5}.Debug|x86.ActiveCfg = Debug|Any CPU
		{7CF65CEE-4F50-46CE-BAD0-7B9EA45F77C5}.Debug|x86.Build.0 = Debug|Any CPU
		{7CF65CEE-4F50-46CE-BAD0-7B9EA45F77C5}.Release|Any CPU.ActiveCfg = Release|Any CPU
		{7CF65CEE-4F50-46CE-BAD0-7B9EA45F77C5}.Release|Any CPU.Build.0 = Release|Any CPU
		{7CF65CEE-4F50-46CE-BAD0-7B9EA45F77C5}.Release|x64.ActiveCfg = Release|Any CPU
		{7CF65CEE-4F50-46CE-BAD0-7B9EA45F77C5}.Release|x64.Build.0 = Release|Any CPU
		{7CF65CEE-4F50-46CE-BAD0-7B9EA45F77C5}.Release|x86.ActiveCfg = Release|Any CPU
		{7CF65CEE-4F50-46CE-BAD0-7B9EA45F77C5}.Release|x86.Build.0 = Release|Any CPU
	EndGlobalSection
	GlobalSection(SolutionProperties) = preSolution
		HideSolutionNode = FALSE
	EndGlobalSection
	GlobalSection(ExtensibilityGlobals) = postSolution
		SolutionGuid = {C8BADB6D-161F-4458-B093-9893A18EF569}
	EndGlobalSection
EndGlobal
